// !$*UTF8*$!
{
	archiveVersion = 1;
	classes = {
	};
	objectVersion = 56;
	objects = {

/* Begin PBXBuildFile section */
		668F44722BBB494B007AAD21 /* main.swift in Sources */ = {isa = PBXBuildFile; fileRef = 668F44712BBB494B007AAD21 /* main.swift */; };
		668F447B2BBB49D3007AAD21 /* Model.swift in Sources */ = {isa = PBXBuildFile; fileRef = 668F447A2BBB49D3007AAD21 /* Model.swift */; };
		668F447F2BBB4D49007AAD21 /* Util.swift in Sources */ = {isa = PBXBuildFile; fileRef = 668F447E2BBB4D49007AAD21 /* Util.swift */; };
		668F44812BBB54A3007AAD21 /* PatientManager.swift in Sources */ = {isa = PBXBuildFile; fileRef = 668F44802BBB54A3007AAD21 /* PatientManager.swift */; };
		668F44892BBB56ED007AAD21 /* Test.swift in Sources */ = {isa = PBXBuildFile; fileRef = 668F44882BBB56ED007AAD21 /* Test.swift */; };
		668F448D2BBB5747007AAD21 /* PatientManager.swift in Sources */ = {isa = PBXBuildFile; fileRef = 668F44802BBB54A3007AAD21 /* PatientManager.swift */; };
		668F448E2BBB577F007AAD21 /* Model.swift in Sources */ = {isa = PBXBuildFile; fileRef = 668F447A2BBB49D3007AAD21 /* Model.swift */; };
		668F449A2BBB58DA007AAD21 /* case1.txt in Resources */ = {isa = PBXBuildFile; fileRef = 668F44992BBB58DA007AAD21 /* case1.txt */; };
		668F449C2BBB5A74007AAD21 /* case2.txt in Resources */ = {isa = PBXBuildFile; fileRef = 668F449B2BBB5A74007AAD21 /* case2.txt */; };
		668F44A02BBB5C4C007AAD21 /* case3.txt in Resources */ = {isa = PBXBuildFile; fileRef = 668F449F2BBB5C4C007AAD21 /* case3.txt */; };
		668F44A22BBB5CB1007AAD21 /* case4.txt in Resources */ = {isa = PBXBuildFile; fileRef = 668F44A12BBB5CB1007AAD21 /* case4.txt */; };
/* End PBXBuildFile section */

/* Begin PBXCopyFilesBuildPhase section */
		668F446C2BBB494B007AAD21 /* CopyFiles */ = {
			isa = PBXCopyFilesBuildPhase;
			buildActionMask = 2147483647;
			dstPath = /usr/share/man/man1/;
			dstSubfolderSpec = 0;
			files = (
			);
			runOnlyForDeploymentPostprocessing = 1;
		};
/* End PBXCopyFilesBuildPhase section */

/* Begin PBXFileReference section */
		668F446E2BBB494B007AAD21 /* PatientManagement */ = {isa = PBXFileReference; explicitFileType = "compiled.mach-o.executable"; includeInIndex = 0; path = PatientManagement; sourceTree = BUILT_PRODUCTS_DIR; };
		668F44712BBB494B007AAD21 /* main.swift */ = {isa = PBXFileReference; lastKnownFileType = sourcecode.swift; path = main.swift; sourceTree = "<group>"; };
		668F447A2BBB49D3007AAD21 /* Model.swift */ = {isa = PBXFileReference; lastKnownFileType = sourcecode.swift; path = Model.swift; sourceTree = "<group>"; };
		668F447E2BBB4D49007AAD21 /* Util.swift */ = {isa = PBXFileReference; lastKnownFileType = sourcecode.swift; path = Util.swift; sourceTree = "<group>"; };
		668F44802BBB54A3007AAD21 /* PatientManager.swift */ = {isa = PBXFileReference; lastKnownFileType = sourcecode.swift; path = PatientManager.swift; sourceTree = "<group>"; };
		668F44862BBB56ED007AAD21 /* Test.xctest */ = {isa = PBXFileReference; explicitFileType = wrapper.cfbundle; includeInIndex = 0; path = Test.xctest; sourceTree = BUILT_PRODUCTS_DIR; };
		668F44882BBB56ED007AAD21 /* Test.swift */ = {isa = PBXFileReference; lastKnownFileType = sourcecode.swift; path = Test.swift; sourceTree = "<group>"; };
		668F44992BBB58DA007AAD21 /* case1.txt */ = {isa = PBXFileReference; fileEncoding = 4; lastKnownFileType = text; path = case1.txt; sourceTree = "<group>"; };
		668F449B2BBB5A74007AAD21 /* case2.txt */ = {isa = PBXFileReference; fileEncoding = 4; lastKnownFileType = text; path = case2.txt; sourceTree = "<group>"; };
		668F449F2BBB5C4C007AAD21 /* case3.txt */ = {isa = PBXFileReference; fileEncoding = 4; lastKnownFileType = text; path = case3.txt; sourceTree = "<group>"; };
		668F44A12BBB5CB1007AAD21 /* case4.txt */ = {isa = PBXFileReference; fileEncoding = 4; lastKnownFileType = text; path = case4.txt; sourceTree = "<group>"; };
/* End PBXFileReference section */

/* Begin PBXFrameworksBuildPhase section */
		668F446B2BBB494B007AAD21 /* Frameworks */ = {
			isa = PBXFrameworksBuildPhase;
			buildActionMask = 2147483647;
			files = (
			);
			runOnlyForDeploymentPostprocessing = 0;
		};
		668F44832BBB56ED007AAD21 /* Frameworks */ = {
			isa = PBXFrameworksBuildPhase;
			buildActionMask = 2147483647;
			files = (
			);
			runOnlyForDeploymentPostprocessing = 0;
		};
/* End PBXFrameworksBuildPhase section */

/* Begin PBXGroup section */
		668F44652BBB494B007AAD21 = {
			isa = PBXGroup;
			children = (
				668F44702BBB494B007AAD21 /* PatientManagement */,
				668F44872BBB56ED007AAD21 /* Test */,
				668F446F2BBB494B007AAD21 /* Products */,
			);
			sourceTree = "<group>";
		};
		668F446F2BBB494B007AAD21 /* Products */ = {
			isa = PBXGroup;
			children = (
				668F446E2BBB494B007AAD21 /* PatientManagement */,
				668F44862BBB56ED007AAD21 /* Test.xctest */,
			);
			name = Products;
			sourceTree = "<group>";
		};
		668F44702BBB494B007AAD21 /* PatientManagement */ = {
			isa = PBXGroup;
			children = (
				668F44712BBB494B007AAD21 /* main.swift */,
				668F447A2BBB49D3007AAD21 /* Model.swift */,
				668F447E2BBB4D49007AAD21 /* Util.swift */,
				668F44802BBB54A3007AAD21 /* PatientManager.swift */,
			);
			path = PatientManagement;
			sourceTree = "<group>";
		};
		668F44872BBB56ED007AAD21 /* Test */ = {
			isa = PBXGroup;
			children = (
				668F44882BBB56ED007AAD21 /* Test.swift */,
				668F44992BBB58DA007AAD21 /* case1.txt */,
				668F449B2BBB5A74007AAD21 /* case2.txt */,
				668F449F2BBB5C4C007AAD21 /* case3.txt */,
				668F44A12BBB5CB1007AAD21 /* case4.txt */,
			);
			path = Test;
			sourceTree = "<group>";
		};
/* End PBXGroup section */

/* Begin PBXNativeTarget section */
		668F446D2BBB494B007AAD21 /* PatientManagement */ = {
			isa = PBXNativeTarget;
			buildConfigurationList = 668F44752BBB494B007AAD21 /* Build configuration list for PBXNativeTarget "PatientManagement" */;
			buildPhases = (
				668F446A2BBB494B007AAD21 /* Sources */,
				668F446B2BBB494B007AAD21 /* Frameworks */,
				668F446C2BBB494B007AAD21 /* CopyFiles */,
			);
			buildRules = (
			);
			dependencies = (
			);
			name = PatientManagement;
			productName = PatientManagement;
			productReference = 668F446E2BBB494B007AAD21 /* PatientManagement */;
			productType = "com.apple.product-type.tool";
		};
		668F44852BBB56ED007AAD21 /* Test */ = {
			isa = PBXNativeTarget;
			buildConfigurationList = 668F448A2BBB56ED007AAD21 /* Build configuration list for PBXNativeTarget "Test" */;
			buildPhases = (
				668F44822BBB56ED007AAD21 /* Sources */,
				668F44832BBB56ED007AAD21 /* Frameworks */,
				668F44842BBB56ED007AAD21 /* Resources */,
			);
			buildRules = (
			);
			dependencies = (
			);
			name = Test;
			productName = Test;
			productReference = 668F44862BBB56ED007AAD21 /* Test.xctest */;
			productType = "com.apple.product-type.bundle.unit-test";
		};
/* End PBXNativeTarget section */

/* Begin PBXProject section */
		668F44662BBB494B007AAD21 /* Project object */ = {
			isa = PBXProject;
			attributes = {
				BuildIndependentTargetsInParallel = 1;
				LastSwiftUpdateCheck = 1500;
				LastUpgradeCheck = 1500;
				TargetAttributes = {
					668F446D2BBB494B007AAD21 = {
						CreatedOnToolsVersion = 15.0;
					};
					668F44852BBB56ED007AAD21 = {
						CreatedOnToolsVersion = 15.0;
					};
				};
			};
			buildConfigurationList = 668F44692BBB494B007AAD21 /* Build configuration list for PBXProject "PatientManagement" */;
			compatibilityVersion = "Xcode 14.0";
			developmentRegion = en;
			hasScannedForEncodings = 0;
			knownRegions = (
				en,
				Base,
			);
			mainGroup = 668F44652BBB494B007AAD21;
			productRefGroup = 668F446F2BBB494B007AAD21 /* Products */;
			projectDirPath = "";
			projectRoot = "";
			targets = (
				668F446D2BBB494B007AAD21 /* PatientManagement */,
				668F44852BBB56ED007AAD21 /* Test */,
			);
		};
/* End PBXProject section */

/* Begin PBXResourcesBuildPhase section */
		668F44842BBB56ED007AAD21 /* Resources */ = {
			isa = PBXResourcesBuildPhase;
			buildActionMask = 2147483647;
			files = (
				668F449A2BBB58DA007AAD21 /* case1.txt in Resources */,
				668F44A02BBB5C4C007AAD21 /* case3.txt in Resources */,
				668F449C2BBB5A74007AAD21 /* case2.txt in Resources */,
				668F44A22BBB5CB1007AAD21 /* case4.txt in Resources */,
			);
			runOnlyForDeploymentPostprocessing = 0;
		};
/* End PBXResourcesBuildPhase section */

/* Begin PBXSourcesBuildPhase section */
		668F446A2BBB494B007AAD21 /* Sources */ = {
			isa = PBXSourcesBuildPhase;
			buildActionMask = 2147483647;
			files = (
				668F447B2BBB49D3007AAD21 /* Model.swift in Sources */,
				668F447F2BBB4D49007AAD21 /* Util.swift in Sources */,
				668F44722BBB494B007AAD21 /* main.swift in Sources */,
				668F44812BBB54A3007AAD21 /* PatientManager.swift in Sources */,
			);
			runOnlyForDeploymentPostprocessing = 0;
		};
		668F44822BBB56ED007AAD21 /* Sources */ = {
			isa = PBXSourcesBuildPhase;
			buildActionMask = 2147483647;
			files = (
				668F448E2BBB577F007AAD21 /* Model.swift in Sources */,
				668F44892BBB56ED007AAD21 /* Test.swift in Sources */,
				668F448D2BBB5747007AAD21 /* PatientManager.swift in Sources */,
			);
			runOnlyForDeploymentPostprocessing = 0;
		};
/* End PBXSourcesBuildPhase section */

/* Begin XCBuildConfiguration section */
		668F44732BBB494B007AAD21 /* Debug */ = {
			isa = XCBuildConfiguration;
			buildSettings = {
				ALWAYS_SEARCH_USER_PATHS = NO;
				ASSETCATALOG_COMPILER_GENERATE_SWIFT_ASSET_SYMBOL_EXTENSIONS = YES;
				CLANG_ANALYZER_NONNULL = YES;
				CLANG_ANALYZER_NUMBER_OBJECT_CONVERSION = YES_AGGRESSIVE;
				CLANG_CXX_LANGUAGE_STANDARD = "gnu++20";
				CLANG_ENABLE_MODULES = YES;
				CLANG_ENABLE_OBJC_ARC = YES;
				CLANG_ENABLE_OBJC_WEAK = YES;
				CLANG_WARN_BLOCK_CAPTURE_AUTORELEASING = YES;
				CLANG_WARN_BOOL_CONVERSION = YES;
				CLANG_WARN_COMMA = YES;
				CLANG_WARN_CONSTANT_CONVERSION = YES;
				CLANG_WARN_DEPRECATED_OBJC_IMPLEMENTATIONS = YES;
				CLANG_WARN_DIRECT_OBJC_ISA_USAGE = YES_ERROR;
				CLANG_WARN_DOCUMENTATION_COMMENTS = YES;
				CLANG_WARN_EMPTY_BODY = YES;
				CLANG_WARN_ENUM_CONVERSION = YES;
				CLANG_WARN_INFINITE_RECURSION = YES;
				CLANG_WARN_INT_CONVERSION = YES;
				CLANG_WARN_NON_LITERAL_NULL_CONVERSION = YES;
				CLANG_WARN_OBJC_IMPLICIT_RETAIN_SELF = YES;
				CLANG_WARN_OBJC_LITERAL_CONVERSION = YES;
				CLANG_WARN_OBJC_ROOT_CLASS = YES_ERROR;
				CLANG_WARN_QUOTED_INCLUDE_IN_FRAMEWORK_HEADER = YES;
				CLANG_WARN_RANGE_LOOP_ANALYSIS = YES;
				CLANG_WARN_STRICT_PROTOTYPES = YES;
				CLANG_WARN_SUSPICIOUS_MOVE = YES;
				CLANG_WARN_UNGUARDED_AVAILABILITY = YES_AGGRESSIVE;
				CLANG_WARN_UNREACHABLE_CODE = YES;
				CLANG_WARN__DUPLICATE_METHOD_MATCH = YES;
				COPY_PHASE_STRIP = NO;
				DEBUG_INFORMATION_FORMAT = dwarf;
				ENABLE_STRICT_OBJC_MSGSEND = YES;
				ENABLE_TESTABILITY = YES;
				ENABLE_USER_SCRIPT_SANDBOXING = YES;
				GCC_C_LANGUAGE_STANDARD = gnu17;
				GCC_DYNAMIC_NO_PIC = NO;
				GCC_NO_COMMON_BLOCKS = YES;
				GCC_OPTIMIZATION_LEVEL = 0;
				GCC_PREPROCESSOR_DEFINITIONS = (
					"DEBUG=1",
					"$(inherited)",
				);
				GCC_WARN_64_TO_32_BIT_CONVERSION = YES;
				GCC_WARN_ABOUT_RETURN_TYPE = YES_ERROR;
				GCC_WARN_UNDECLARED_SELECTOR = YES;
				GCC_WARN_UNINITIALIZED_AUTOS = YES_AGGRESSIVE;
				GCC_WARN_UNUSED_FUNCTION = YES;
				GCC_WARN_UNUSED_VARIABLE = YES;
				LOCALIZATION_PREFERS_STRING_CATALOGS = YES;
				MACOSX_DEPLOYMENT_TARGET = 14.0;
				MTL_ENABLE_DEBUG_INFO = INCLUDE_SOURCE;
				MTL_FAST_MATH = YES;
				ONLY_ACTIVE_ARCH = YES;
				SDKROOT = macosx;
				SWIFT_ACTIVE_COMPILATION_CONDITIONS = "DEBUG $(inherited)";
				SWIFT_OPTIMIZATION_LEVEL = "-Onone";
			};
			name = Debug;
		};
		668F44742BBB494B007AAD21 /* Release */ = {
			isa = XCBuildConfiguration;
			buildSettings = {
				ALWAYS_SEARCH_USER_PATHS = NO;
				ASSETCATALOG_COMPILER_GENERATE_SWIFT_ASSET_SYMBOL_EXTENSIONS = YES;
				CLANG_ANALYZER_NONNULL = YES;
				CLANG_ANALYZER_NUMBER_OBJECT_CONVERSION = YES_AGGRESSIVE;
				CLANG_CXX_LANGUAGE_STANDARD = "gnu++20";
				CLANG_ENABLE_MODULES = YES;
				CLANG_ENABLE_OBJC_ARC = YES;
				CLANG_ENABLE_OBJC_WEAK = YES;
				CLANG_WARN_BLOCK_CAPTURE_AUTORELEASING = YES;
				CLANG_WARN_BOOL_CONVERSION = YES;
				CLANG_WARN_COMMA = YES;
				CLANG_WARN_CONSTANT_CONVERSION = YES;
				CLANG_WARN_DEPRECATED_OBJC_IMPLEMENTATIONS = YES;
				CLANG_WARN_DIRECT_OBJC_ISA_USAGE = YES_ERROR;
				CLANG_WARN_DOCUMENTATION_COMMENTS = YES;
				CLANG_WARN_EMPTY_BODY = YES;
				CLANG_WARN_ENUM_CONVERSION = YES;
				CLANG_WARN_INFINITE_RECURSION = YES;
				CLANG_WARN_INT_CONVERSION = YES;
				CLANG_WARN_NON_LITERAL_NULL_CONVERSION = YES;
				CLANG_WARN_OBJC_IMPLICIT_RETAIN_SELF = YES;
				CLANG_WARN_OBJC_LITERAL_CONVERSION = YES;
				CLANG_WARN_OBJC_ROOT_CLASS = YES_ERROR;
				CLANG_WARN_QUOTED_INCLUDE_IN_FRAMEWORK_HEADER = YES;
				CLANG_WARN_RANGE_LOOP_ANALYSIS = YES;
				CLANG_WARN_STRICT_PROTOTYPES = YES;
				CLANG_WARN_SUSPICIOUS_MOVE = YES;
				CLANG_WARN_UNGUARDED_AVAILABILITY = YES_AGGRESSIVE;
				CLANG_WARN_UNREACHABLE_CODE = YES;
				CLANG_WARN__DUPLICATE_METHOD_MATCH = YES;
				COPY_PHASE_STRIP = NO;
				DEBUG_INFORMATION_FORMAT = "dwarf-with-dsym";
				ENABLE_NS_ASSERTIONS = NO;
				ENABLE_STRICT_OBJC_MSGSEND = YES;
				ENABLE_USER_SCRIPT_SANDBOXING = YES;
				GCC_C_LANGUAGE_STANDARD = gnu17;
				GCC_NO_COMMON_BLOCKS = YES;
				GCC_WARN_64_TO_32_BIT_CONVERSION = YES;
				GCC_WARN_ABOUT_RETURN_TYPE = YES_ERROR;
				GCC_WARN_UNDECLARED_SELECTOR = YES;
				GCC_WARN_UNINITIALIZED_AUTOS = YES_AGGRESSIVE;
				GCC_WARN_UNUSED_FUNCTION = YES;
				GCC_WARN_UNUSED_VARIABLE = YES;
				LOCALIZATION_PREFERS_STRING_CATALOGS = YES;
				MACOSX_DEPLOYMENT_TARGET = 14.0;
				MTL_ENABLE_DEBUG_INFO = NO;
				MTL_FAST_MATH = YES;
				SDKROOT = macosx;
				SWIFT_COMPILATION_MODE = wholemodule;
			};
			name = Release;
		};
		668F44762BBB494B007AAD21 /* Debug */ = {
			isa = XCBuildConfiguration;
			buildSettings = {
				CODE_SIGN_STYLE = Automatic;
				DEVELOPMENT_TEAM = 8QW77MTZ9C;
				ENABLE_HARDENED_RUNTIME = YES;
				PRODUCT_NAME = "$(TARGET_NAME)";
				SWIFT_VERSION = 5.0;
			};
			name = Debug;
		};
		668F44772BBB494B007AAD21 /* Release */ = {
			isa = XCBuildConfiguration;
			buildSettings = {
				CODE_SIGN_STYLE = Automatic;
				DEVELOPMENT_TEAM = 8QW77MTZ9C;
				ENABLE_HARDENED_RUNTIME = YES;
				PRODUCT_NAME = "$(TARGET_NAME)";
				SWIFT_VERSION = 5.0;
			};
			name = Release;
		};
		668F448B2BBB56ED007AAD21 /* Debug */ = {
			isa = XCBuildConfiguration;
			buildSettings = {
				CODE_SIGN_STYLE = Automatic;
				CURRENT_PROJECT_VERSION = 1;
				DEVELOPMENT_TEAM = 8QW77MTZ9C;
				GENERATE_INFOPLIST_FILE = YES;
				MARKETING_VERSION = 1.0;
				PRODUCT_BUNDLE_IDENTIFIER = txy.Test;
				PRODUCT_NAME = "$(TARGET_NAME)";
				SWIFT_EMIT_LOC_STRINGS = NO;
				SWIFT_VERSION = 5.0;
			};
			name = Debug;
		};
		668F448C2BBB56ED007AAD21 /* Release */ = {
			isa = XCBuildConfiguration;
			buildSettings = {
				CODE_SIGN_STYLE = Automatic;
				CURRENT_PROJECT_VERSION = 1;
				DEVELOPMENT_TEAM = 8QW77MTZ9C;
				GENERATE_INFOPLIST_FILE = YES;
				MARKETING_VERSION = 1.0;
				PRODUCT_BUNDLE_IDENTIFIER = txy.Test;
				PRODUCT_NAME = "$(TARGET_NAME)";
				SWIFT_EMIT_LOC_STRINGS = NO;
				SWIFT_VERSION = 5.0;
			};
			name = Release;
		};
/* End XCBuildConfiguration section */

/* Begin XCConfigurationList section */
		668F44692BBB494B007AAD21 /* Build configuration list for PBXProject "PatientManagement" */ = {
			isa = XCConfigurationList;
			buildConfigurations = (
				668F44732BBB494B007AAD21 /* Debug */,
				668F44742BBB494B007AAD21 /* Release */,
			);
			defaultConfigurationIsVisible = 0;
			defaultConfigurationName = Release;
		};
		668F44752BBB494B007AAD21 /* Build configuration list for PBXNativeTarget "PatientManagement" */ = {
			isa = XCConfigurationList;
			buildConfigurations = (
				668F44762BBB494B007AAD21 /* Debug */,
				668F44772BBB494B007AAD21 /* Release */,
			);
			defaultConfigurationIsVisible = 0;
			defaultConfigurationName = Release;
		};
		668F448A2BBB56ED007AAD21 /* Build configuration list for PBXNativeTarget "Test" */ = {
			isa = XCConfigurationList;
			buildConfigurations = (
				668F448B2BBB56ED007AAD21 /* Debug */,
				668F448C2BBB56ED007AAD21 /* Release */,
			);
			defaultConfigurationIsVisible = 0;
			defaultConfigurationName = Release;
		};
/* End XCConfigurationList section */
	};
	rootObject = 668F44662BBB494B007AAD21 /* Project object */;
}
